// !$*UTF8*$!
{
	archiveVersion = 1;
	classes = {
	};
	objectVersion = 46;
	objects = {

/* Begin PBXBuildFile section */
		B07B2A32146343AF0000E819 /* Cocoa.framework in Frameworks */ = {isa = PBXBuildFile; fileRef = B07B2A31146343AF0000E819 /* Cocoa.framework */; };
		B07B2A3C146343AF0000E819 /* InfoPlist.strings in Resources */ = {isa = PBXBuildFile; fileRef = B07B2A3A146343AF0000E819 /* InfoPlist.strings */; };
		B07B2A40146343AF0000E819 /* Universe_Engine.m in Sources */ = {isa = PBXBuildFile; fileRef = B07B2A3F146343AF0000E819 /* Universe_Engine.m */; };
		B07B2A48146343AF0000E819 /* SenTestingKit.framework in Frameworks */ = {isa = PBXBuildFile; fileRef = B07B2A47146343AF0000E819 /* SenTestingKit.framework */; };
		B07B2A49146343AF0000E819 /* Cocoa.framework in Frameworks */ = {isa = PBXBuildFile; fileRef = B07B2A31146343AF0000E819 /* Cocoa.framework */; };
		B07B2A4C146343AF0000E819 /* Universe Engine.framework in Frameworks */ = {isa = PBXBuildFile; fileRef = B07B2A2E146343AF0000E819 /* Universe Engine.framework */; };
		B07B2A52146343AF0000E819 /* InfoPlist.strings in Resources */ = {isa = PBXBuildFile; fileRef = B07B2A50146343AF0000E819 /* InfoPlist.strings */; };
		B07B2A55146343AF0000E819 /* Universe_EngineTests.m in Sources */ = {isa = PBXBuildFile; fileRef = B07B2A54146343AF0000E819 /* Universe_EngineTests.m */; };
		B07B2A76146343D70000E819 /* UniverseData.h in Headers */ = {isa = PBXBuildFile; fileRef = B07B2A60146343D70000E819 /* UniverseData.h */; };
		B07B2A77146343D70000E819 /* UniverseData.m in Sources */ = {isa = PBXBuildFile; fileRef = B07B2A61146343D70000E819 /* UniverseData.m */; };
		B07B2A78146343D70000E819 /* World.h in Headers */ = {isa = PBXBuildFile; fileRef = B07B2A62146343D70000E819 /* World.h */; };
		B07B2A79146343D70000E819 /* World.m in Sources */ = {isa = PBXBuildFile; fileRef = B07B2A63146343D70000E819 /* World.m */; };
		B07B2A7A146343D70000E819 /* XYPair.h in Headers */ = {isa = PBXBuildFile; fileRef = B07B2A64146343D70000E819 /* XYPair.h */; };
		B07B2A7B146343D70000E819 /* XYPair.m in Sources */ = {isa = PBXBuildFile; fileRef = B07B2A65146343D70000E819 /* XYPair.m */; };
		B07B2A7C146343D70000E819 /* Distance+World.h in Headers */ = {isa = PBXBuildFile; fileRef = B07B2A67146343D70000E819 /* Distance+World.h */; };
		B07B2A7D146343D70000E819 /* Distance+World.m in Sources */ = {isa = PBXBuildFile; fileRef = B07B2A68146343D70000E819 /* Distance+World.m */; };
		B07B2A7E146343D70000E819 /* Distance.h in Headers */ = {isa = PBXBuildFile; fileRef = B07B2A69146343D70000E819 /* Distance.h */; };
		B07B2A7F146343D70000E819 /* Distance.m in Sources */ = {isa = PBXBuildFile; fileRef = B07B2A6A146343D70000E819 /* Distance.m */; };
		B07B2A80146343D70000E819 /* Force.h in Headers */ = {isa = PBXBuildFile; fileRef = B07B2A6C146343D70000E819 /* Force.h */; };
		B07B2A81146343D70000E819 /* Force.m in Sources */ = {isa = PBXBuildFile; fileRef = B07B2A6D146343D70000E819 /* Force.m */; };
		B07B2A82146343D70000E819 /* Gravity.h in Headers */ = {isa = PBXBuildFile; fileRef = B07B2A6E146343D70000E819 /* Gravity.h */; };
		B07B2A83146343D70000E819 /* Gravity.m in Sources */ = {isa = PBXBuildFile; fileRef = B07B2A6F146343D70000E819 /* Gravity.m */; };
		B07B2A84146343D70000E819 /* Momentum.h in Headers */ = {isa = PBXBuildFile; fileRef = B07B2A70146343D70000E819 /* Momentum.h */; };
		B07B2A85146343D70000E819 /* Momentum.m in Sources */ = {isa = PBXBuildFile; fileRef = B07B2A71146343D70000E819 /* Momentum.m */; };
		B07B2A86146343D70000E819 /* XYPair+Math.h in Headers */ = {isa = PBXBuildFile; fileRef = B07B2A72146343D70000E819 /* XYPair+Math.h */; };
		B07B2A87146343D70000E819 /* XYPair+Math.m in Sources */ = {isa = PBXBuildFile; fileRef = B07B2A73146343D70000E819 /* XYPair+Math.m */; };
		B07B2A88146343D70000E819 /* Universe.h in Headers */ = {isa = PBXBuildFile; fileRef = B07B2A74146343D70000E819 /* Universe.h */; };
		B07B2A89146343D70000E819 /* Universe.m in Sources */ = {isa = PBXBuildFile; fileRef = B07B2A75146343D70000E819 /* Universe.m */; };
/* End PBXBuildFile section */

/* Begin PBXContainerItemProxy section */
		B07B2A4A146343AF0000E819 /* PBXContainerItemProxy */ = {
			isa = PBXContainerItemProxy;
			containerPortal = B07B2A24146343AE0000E819 /* Project object */;
			proxyType = 1;
			remoteGlobalIDString = B07B2A2D146343AF0000E819;
			remoteInfo = "Universe Engine";
		};
/* End PBXContainerItemProxy section */

/* Begin PBXFileReference section */
		B07B2A2E146343AF0000E819 /* Universe Engine.framework */ = {isa = PBXFileReference; explicitFileType = wrapper.framework; includeInIndex = 0; path = "Universe Engine.framework"; sourceTree = BUILT_PRODUCTS_DIR; };
		B07B2A31146343AF0000E819 /* Cocoa.framework */ = {isa = PBXFileReference; lastKnownFileType = wrapper.framework; name = Cocoa.framework; path = System/Library/Frameworks/Cocoa.framework; sourceTree = SDKROOT; };
		B07B2A34146343AF0000E819 /* AppKit.framework */ = {isa = PBXFileReference; lastKnownFileType = wrapper.framework; name = AppKit.framework; path = System/Library/Frameworks/AppKit.framework; sourceTree = SDKROOT; };
		B07B2A35146343AF0000E819 /* CoreData.framework */ = {isa = PBXFileReference; lastKnownFileType = wrapper.framework; name = CoreData.framework; path = System/Library/Frameworks/CoreData.framework; sourceTree = SDKROOT; };
		B07B2A36146343AF0000E819 /* Foundation.framework */ = {isa = PBXFileReference; lastKnownFileType = wrapper.framework; name = Foundation.framework; path = System/Library/Frameworks/Foundation.framework; sourceTree = SDKROOT; };
		B07B2A39146343AF0000E819 /* Universe Engine-Info.plist */ = {isa = PBXFileReference; lastKnownFileType = text.plist.xml; path = "Universe Engine-Info.plist"; sourceTree = "<group>"; };
		B07B2A3B146343AF0000E819 /* en */ = {isa = PBXFileReference; lastKnownFileType = text.plist.strings; name = en; path = en.lproj/InfoPlist.strings; sourceTree = "<group>"; };
		B07B2A3D146343AF0000E819 /* Universe Engine-Prefix.pch */ = {isa = PBXFileReference; lastKnownFileType = sourcecode.c.h; path = "Universe Engine-Prefix.pch"; sourceTree = "<group>"; };
		B07B2A3E146343AF0000E819 /* Universe_Engine.h */ = {isa = PBXFileReference; lastKnownFileType = sourcecode.c.h; path = Universe_Engine.h; sourceTree = "<group>"; };
		B07B2A3F146343AF0000E819 /* Universe_Engine.m */ = {isa = PBXFileReference; lastKnownFileType = sourcecode.c.objc; path = Universe_Engine.m; sourceTree = "<group>"; };
		B07B2A46146343AF0000E819 /* Universe EngineTests.octest */ = {isa = PBXFileReference; explicitFileType = wrapper.cfbundle; includeInIndex = 0; path = "Universe EngineTests.octest"; sourceTree = BUILT_PRODUCTS_DIR; };
		B07B2A47146343AF0000E819 /* SenTestingKit.framework */ = {isa = PBXFileReference; lastKnownFileType = wrapper.framework; name = SenTestingKit.framework; path = Library/Frameworks/SenTestingKit.framework; sourceTree = DEVELOPER_DIR; };
		B07B2A4F146343AF0000E819 /* Universe EngineTests-Info.plist */ = {isa = PBXFileReference; lastKnownFileType = text.plist.xml; path = "Universe EngineTests-Info.plist"; sourceTree = "<group>"; };
		B07B2A51146343AF0000E819 /* en */ = {isa = PBXFileReference; lastKnownFileType = text.plist.strings; name = en; path = en.lproj/InfoPlist.strings; sourceTree = "<group>"; };
		B07B2A53146343AF0000E819 /* Universe_EngineTests.h */ = {isa = PBXFileReference; lastKnownFileType = sourcecode.c.h; path = Universe_EngineTests.h; sourceTree = "<group>"; };
		B07B2A54146343AF0000E819 /* Universe_EngineTests.m */ = {isa = PBXFileReference; lastKnownFileType = sourcecode.c.objc; path = Universe_EngineTests.m; sourceTree = "<group>"; };
		B07B2A60146343D70000E819 /* UniverseData.h */ = {isa = PBXFileReference; fileEncoding = 4; lastKnownFileType = sourcecode.c.h; path = UniverseData.h; sourceTree = "<group>"; };
		B07B2A61146343D70000E819 /* UniverseData.m */ = {isa = PBXFileReference; fileEncoding = 4; lastKnownFileType = sourcecode.c.objc; path = UniverseData.m; sourceTree = "<group>"; };
		B07B2A62146343D70000E819 /* World.h */ = {isa = PBXFileReference; fileEncoding = 4; lastKnownFileType = sourcecode.c.h; path = World.h; sourceTree = "<group>"; };
		B07B2A63146343D70000E819 /* World.m */ = {isa = PBXFileReference; fileEncoding = 4; lastKnownFileType = sourcecode.c.objc; path = World.m; sourceTree = "<group>"; };
		B07B2A64146343D70000E819 /* XYPair.h */ = {isa = PBXFileReference; fileEncoding = 4; lastKnownFileType = sourcecode.c.h; path = XYPair.h; sourceTree = "<group>"; };
		B07B2A65146343D70000E819 /* XYPair.m */ = {isa = PBXFileReference; fileEncoding = 4; lastKnownFileType = sourcecode.c.objc; path = XYPair.m; sourceTree = "<group>"; };
		B07B2A67146343D70000E819 /* Distance+World.h */ = {isa = PBXFileReference; fileEncoding = 4; lastKnownFileType = sourcecode.c.h; path = "Distance+World.h"; sourceTree = "<group>"; };
		B07B2A68146343D70000E819 /* Distance+World.m */ = {isa = PBXFileReference; fileEncoding = 4; lastKnownFileType = sourcecode.c.objc; path = "Distance+World.m"; sourceTree = "<group>"; };
		B07B2A69146343D70000E819 /* Distance.h */ = {isa = PBXFileReference; fileEncoding = 4; lastKnownFileType = sourcecode.c.h; path = Distance.h; sourceTree = "<group>"; };
		B07B2A6A146343D70000E819 /* Distance.m */ = {isa = PBXFileReference; fileEncoding = 4; lastKnownFileType = sourcecode.c.objc; path = Distance.m; sourceTree = "<group>"; };
		B07B2A6C146343D70000E819 /* Force.h */ = {isa = PBXFileReference; fileEncoding = 4; lastKnownFileType = sourcecode.c.h; path = Force.h; sourceTree = "<group>"; };
		B07B2A6D146343D70000E819 /* Force.m */ = {isa = PBXFileReference; fileEncoding = 4; lastKnownFileType = sourcecode.c.objc; path = Force.m; sourceTree = "<group>"; };
		B07B2A6E146343D70000E819 /* Gravity.h */ = {isa = PBXFileReference; fileEncoding = 4; lastKnownFileType = sourcecode.c.h; path = Gravity.h; sourceTree = "<group>"; };
		B07B2A6F146343D70000E819 /* Gravity.m */ = {isa = PBXFileReference; fileEncoding = 4; lastKnownFileType = sourcecode.c.objc; path = Gravity.m; sourceTree = "<group>"; };
		B07B2A70146343D70000E819 /* Momentum.h */ = {isa = PBXFileReference; fileEncoding = 4; lastKnownFileType = sourcecode.c.h; path = Momentum.h; sourceTree = "<group>"; };
		B07B2A71146343D70000E819 /* Momentum.m */ = {isa = PBXFileReference; fileEncoding = 4; lastKnownFileType = sourcecode.c.objc; path = Momentum.m; sourceTree = "<group>"; };
		B07B2A72146343D70000E819 /* XYPair+Math.h */ = {isa = PBXFileReference; fileEncoding = 4; lastKnownFileType = sourcecode.c.h; path = "XYPair+Math.h"; sourceTree = "<group>"; };
		B07B2A73146343D70000E819 /* XYPair+Math.m */ = {isa = PBXFileReference; fileEncoding = 4; lastKnownFileType = sourcecode.c.objc; path = "XYPair+Math.m"; sourceTree = "<group>"; };
		B07B2A74146343D70000E819 /* Universe.h */ = {isa = PBXFileReference; fileEncoding = 4; lastKnownFileType = sourcecode.c.h; path = Universe.h; sourceTree = "<group>"; };
		B07B2A75146343D70000E819 /* Universe.m */ = {isa = PBXFileReference; fileEncoding = 4; lastKnownFileType = sourcecode.c.objc; path = Universe.m; sourceTree = "<group>"; };
/* End PBXFileReference section */

/* Begin PBXFrameworksBuildPhase section */
		B07B2A2A146343AF0000E819 /* Frameworks */ = {
			isa = PBXFrameworksBuildPhase;
			buildActionMask = 2147483647;
			files = (
				B07B2A32146343AF0000E819 /* Cocoa.framework in Frameworks */,
			);
			runOnlyForDeploymentPostprocessing = 0;
		};
		B07B2A42146343AF0000E819 /* Frameworks */ = {
			isa = PBXFrameworksBuildPhase;
			buildActionMask = 2147483647;
			files = (
				B07B2A48146343AF0000E819 /* SenTestingKit.framework in Frameworks */,
				B07B2A49146343AF0000E819 /* Cocoa.framework in Frameworks */,
				B07B2A4C146343AF0000E819 /* Universe Engine.framework in Frameworks */,
			);
			runOnlyForDeploymentPostprocessing = 0;
		};
/* End PBXFrameworksBuildPhase section */

/* Begin PBXGroup section */
		B07B2A22146343AE0000E819 = {
			isa = PBXGroup;
			children = (
				B07B2A37146343AF0000E819 /* Universe Engine */,
				B07B2A4D146343AF0000E819 /* Universe EngineTests */,
				B07B2A30146343AF0000E819 /* Frameworks */,
				B07B2A2F146343AF0000E819 /* Products */,
			);
			sourceTree = "<group>";
		};
		B07B2A2F146343AF0000E819 /* Products */ = {
			isa = PBXGroup;
			children = (
				B07B2A2E146343AF0000E819 /* Universe Engine.framework */,
				B07B2A46146343AF0000E819 /* Universe EngineTests.octest */,
			);
			name = Products;
			sourceTree = "<group>";
		};
		B07B2A30146343AF0000E819 /* Frameworks */ = {
			isa = PBXGroup;
			children = (
				B07B2A31146343AF0000E819 /* Cocoa.framework */,
				B07B2A47146343AF0000E819 /* SenTestingKit.framework */,
				B07B2A33146343AF0000E819 /* Other Frameworks */,
			);
			name = Frameworks;
			sourceTree = "<group>";
		};
		B07B2A33146343AF0000E819 /* Other Frameworks */ = {
			isa = PBXGroup;
			children = (
				B07B2A34146343AF0000E819 /* AppKit.framework */,
				B07B2A35146343AF0000E819 /* CoreData.framework */,
				B07B2A36146343AF0000E819 /* Foundation.framework */,
			);
			name = "Other Frameworks";
			sourceTree = "<group>";
		};
		B07B2A37146343AF0000E819 /* Universe Engine */ = {
			isa = PBXGroup;
			children = (
				B07B2A3E146343AF0000E819 /* Universe_Engine.h */,
				B07B2A3F146343AF0000E819 /* Universe_Engine.m */,
				B07B2A5E146343D70000E819 /* Classes */,
				B07B2A38146343AF0000E819 /* Supporting Files */,
			);
			path = "Universe Engine";
			sourceTree = "<group>";
		};
		B07B2A38146343AF0000E819 /* Supporting Files */ = {
			isa = PBXGroup;
			children = (
				B07B2A39146343AF0000E819 /* Universe Engine-Info.plist */,
				B07B2A3A146343AF0000E819 /* InfoPlist.strings */,
				B07B2A3D146343AF0000E819 /* Universe Engine-Prefix.pch */,
			);
			name = "Supporting Files";
			sourceTree = "<group>";
		};
		B07B2A4D146343AF0000E819 /* Universe EngineTests */ = {
			isa = PBXGroup;
			children = (
				B07B2A53146343AF0000E819 /* Universe_EngineTests.h */,
				B07B2A54146343AF0000E819 /* Universe_EngineTests.m */,
				B07B2A4E146343AF0000E819 /* Supporting Files */,
			);
			path = "Universe EngineTests";
			sourceTree = "<group>";
		};
		B07B2A4E146343AF0000E819 /* Supporting Files */ = {
			isa = PBXGroup;
			children = (
				B07B2A4F146343AF0000E819 /* Universe EngineTests-Info.plist */,
				B07B2A50146343AF0000E819 /* InfoPlist.strings */,
			);
			name = "Supporting Files";
			sourceTree = "<group>";
		};
		B07B2A5E146343D70000E819 /* Classes */ = {
			isa = PBXGroup;
			children = (
				B07B2A5F146343D70000E819 /* Data */,
				B07B2A66146343D70000E819 /* Math */,
				B07B2A74146343D70000E819 /* Universe.h */,
				B07B2A75146343D70000E819 /* Universe.m */,
			);
			name = Classes;
			path = ../Classes;
			sourceTree = "<group>";
		};
		B07B2A5F146343D70000E819 /* Data */ = {
			isa = PBXGroup;
			children = (
				B07B2A60146343D70000E819 /* UniverseData.h */,
				B07B2A61146343D70000E819 /* UniverseData.m */,
				B07B2A62146343D70000E819 /* World.h */,
				B07B2A63146343D70000E819 /* World.m */,
				B07B2A64146343D70000E819 /* XYPair.h */,
				B07B2A65146343D70000E819 /* XYPair.m */,
			);
			path = Data;
			sourceTree = "<group>";
		};
		B07B2A66146343D70000E819 /* Math */ = {
			isa = PBXGroup;
			children = (
				B07B2A67146343D70000E819 /* Distance+World.h */,
				B07B2A68146343D70000E819 /* Distance+World.m */,
				B07B2A69146343D70000E819 /* Distance.h */,
				B07B2A6A146343D70000E819 /* Distance.m */,
				B07B2A6B146343D70000E819 /* Forces */,
				B07B2A72146343D70000E819 /* XYPair+Math.h */,
				B07B2A73146343D70000E819 /* XYPair+Math.m */,
			);
			path = Math;
			sourceTree = "<group>";
		};
		B07B2A6B146343D70000E819 /* Forces */ = {
			isa = PBXGroup;
			children = (
				B07B2A6C146343D70000E819 /* Force.h */,
				B07B2A6D146343D70000E819 /* Force.m */,
				B07B2A6E146343D70000E819 /* Gravity.h */,
				B07B2A6F146343D70000E819 /* Gravity.m */,
				B07B2A70146343D70000E819 /* Momentum.h */,
				B07B2A71146343D70000E819 /* Momentum.m */,
			);
			path = Forces;
			sourceTree = "<group>";
		};
/* End PBXGroup section */

/* Begin PBXHeadersBuildPhase section */
		B07B2A2B146343AF0000E819 /* Headers */ = {
			isa = PBXHeadersBuildPhase;
			buildActionMask = 2147483647;
			files = (
				B07B2A76146343D70000E819 /* UniverseData.h in Headers */,
				B07B2A78146343D70000E819 /* World.h in Headers */,
				B07B2A7A146343D70000E819 /* XYPair.h in Headers */,
				B07B2A7C146343D70000E819 /* Distance+World.h in Headers */,
				B07B2A7E146343D70000E819 /* Distance.h in Headers */,
				B07B2A80146343D70000E819 /* Force.h in Headers */,
				B07B2A82146343D70000E819 /* Gravity.h in Headers */,
				B07B2A84146343D70000E819 /* Momentum.h in Headers */,
				B07B2A86146343D70000E819 /* XYPair+Math.h in Headers */,
				B07B2A88146343D70000E819 /* Universe.h in Headers */,
			);
			runOnlyForDeploymentPostprocessing = 0;
		};
/* End PBXHeadersBuildPhase section */

/* Begin PBXNativeTarget section */
		B07B2A2D146343AF0000E819 /* Universe Engine */ = {
			isa = PBXNativeTarget;
			buildConfigurationList = B07B2A58146343AF0000E819 /* Build configuration list for PBXNativeTarget "Universe Engine" */;
			buildPhases = (
				B07B2A29146343AF0000E819 /* Sources */,
				B07B2A2A146343AF0000E819 /* Frameworks */,
				B07B2A2B146343AF0000E819 /* Headers */,
				B07B2A2C146343AF0000E819 /* Resources */,
			);
			buildRules = (
			);
			dependencies = (
			);
			name = "Universe Engine";
			productName = "Universe Engine";
			productReference = B07B2A2E146343AF0000E819 /* Universe Engine.framework */;
			productType = "com.apple.product-type.framework";
		};
		B07B2A45146343AF0000E819 /* Universe EngineTests */ = {
			isa = PBXNativeTarget;
			buildConfigurationList = B07B2A5B146343AF0000E819 /* Build configuration list for PBXNativeTarget "Universe EngineTests" */;
			buildPhases = (
				B07B2A41146343AF0000E819 /* Sources */,
				B07B2A42146343AF0000E819 /* Frameworks */,
				B07B2A43146343AF0000E819 /* Resources */,
				B07B2A44146343AF0000E819 /* ShellScript */,
			);
			buildRules = (
			);
			dependencies = (
				B07B2A4B146343AF0000E819 /* PBXTargetDependency */,
			);
			name = "Universe EngineTests";
			productName = "Universe EngineTests";
			productReference = B07B2A46146343AF0000E819 /* Universe EngineTests.octest */;
			productType = "com.apple.product-type.bundle";
		};
/* End PBXNativeTarget section */

/* Begin PBXProject section */
		B07B2A24146343AE0000E819 /* Project object */ = {
			isa = PBXProject;
			attributes = {
				LastUpgradeCheck = 0420;
			};
			buildConfigurationList = B07B2A27146343AE0000E819 /* Build configuration list for PBXProject "Universe Engine" */;
			compatibilityVersion = "Xcode 3.2";
			developmentRegion = English;
			hasScannedForEncodings = 0;
			knownRegions = (
				en,
			);
			mainGroup = B07B2A22146343AE0000E819;
			productRefGroup = B07B2A2F146343AF0000E819 /* Products */;
			projectDirPath = "";
			projectRoot = "";
			targets = (
				B07B2A2D146343AF0000E819 /* Universe Engine */,
				B07B2A45146343AF0000E819 /* Universe EngineTests */,
			);
		};
/* End PBXProject section */

/* Begin PBXResourcesBuildPhase section */
		B07B2A2C146343AF0000E819 /* Resources */ = {
			isa = PBXResourcesBuildPhase;
			buildActionMask = 2147483647;
			files = (
				B07B2A3C146343AF0000E819 /* InfoPlist.strings in Resources */,
			);
			runOnlyForDeploymentPostprocessing = 0;
		};
		B07B2A43146343AF0000E819 /* Resources */ = {
			isa = PBXResourcesBuildPhase;
			buildActionMask = 2147483647;
			files = (
				B07B2A52146343AF0000E819 /* InfoPlist.strings in Resources */,
			);
			runOnlyForDeploymentPostprocessing = 0;
		};
/* End PBXResourcesBuildPhase section */

/* Begin PBXShellScriptBuildPhase section */
		B07B2A44146343AF0000E819 /* ShellScript */ = {
			isa = PBXShellScriptBuildPhase;
			buildActionMask = 2147483647;
			files = (
			);
			inputPaths = (
			);
			outputPaths = (
			);
			runOnlyForDeploymentPostprocessing = 0;
			shellPath = /bin/sh;
			shellScript = "# Run the unit tests in this test bundle.\n\"${SYSTEM_DEVELOPER_DIR}/Tools/RunUnitTests\"\n";
		};
/* End PBXShellScriptBuildPhase section */

/* Begin PBXSourcesBuildPhase section */
		B07B2A29146343AF0000E819 /* Sources */ = {
			isa = PBXSourcesBuildPhase;
			buildActionMask = 2147483647;
			files = (
				B07B2A40146343AF0000E819 /* Universe_Engine.m in Sources */,
				B07B2A77146343D70000E819 /* UniverseData.m in Sources */,
				B07B2A79146343D70000E819 /* World.m in Sources */,
				B07B2A7B146343D70000E819 /* XYPair.m in Sources */,
				B07B2A7D146343D70000E819 /* Distance+World.m in Sources */,
				B07B2A7F146343D70000E819 /* Distance.m in Sources */,
				B07B2A81146343D70000E819 /* Force.m in Sources */,
				B07B2A83146343D70000E819 /* Gravity.m in Sources */,
				B07B2A85146343D70000E819 /* Momentum.m in Sources */,
				B07B2A87146343D70000E819 /* XYPair+Math.m in Sources */,
				B07B2A89146343D70000E819 /* Universe.m in Sources */,
			);
			runOnlyForDeploymentPostprocessing = 0;
		};
		B07B2A41146343AF0000E819 /* Sources */ = {
			isa = PBXSourcesBuildPhase;
			buildActionMask = 2147483647;
			files = (
				B07B2A55146343AF0000E819 /* Universe_EngineTests.m in Sources */,
			);
			runOnlyForDeploymentPostprocessing = 0;
		};
/* End PBXSourcesBuildPhase section */

/* Begin PBXTargetDependency section */
		B07B2A4B146343AF0000E819 /* PBXTargetDependency */ = {
			isa = PBXTargetDependency;
			target = B07B2A2D146343AF0000E819 /* Universe Engine */;
			targetProxy = B07B2A4A146343AF0000E819 /* PBXContainerItemProxy */;
		};
/* End PBXTargetDependency section */

/* Begin PBXVariantGroup section */
		B07B2A3A146343AF0000E819 /* InfoPlist.strings */ = {
			isa = PBXVariantGroup;
			children = (
				B07B2A3B146343AF0000E819 /* en */,
			);
			name = InfoPlist.strings;
			sourceTree = "<group>";
		};
		B07B2A50146343AF0000E819 /* InfoPlist.strings */ = {
			isa = PBXVariantGroup;
			children = (
				B07B2A51146343AF0000E819 /* en */,
			);
			name = InfoPlist.strings;
			sourceTree = "<group>";
		};
/* End PBXVariantGroup section */

/* Begin XCBuildConfiguration section */
		B07B2A56146343AF0000E819 /* Debug */ = {
			isa = XCBuildConfiguration;
			buildSettings = {
				ALWAYS_SEARCH_USER_PATHS = NO;
				ARCHS = "$(ARCHS_STANDARD_64_BIT)";
				CLANG_ENABLE_OBJC_ARC = YES;
				COPY_PHASE_STRIP = NO;
				GCC_C_LANGUAGE_STANDARD = gnu99;
				GCC_DYNAMIC_NO_PIC = NO;
				GCC_ENABLE_OBJC_EXCEPTIONS = YES;
				GCC_OPTIMIZATION_LEVEL = 0;
				GCC_PREPROCESSOR_DEFINITIONS = (
					"DEBUG=1",
					"$(inherited)",
				);
				GCC_SYMBOLS_PRIVATE_EXTERN = NO;
				GCC_VERSION = com.apple.compilers.llvm.clang.1_0;
				GCC_WARN_64_TO_32_BIT_CONVERSION = YES;
				GCC_WARN_ABOUT_MISSING_PROTOTYPES = YES;
				GCC_WARN_ABOUT_RETURN_TYPE = YES;
				GCC_WARN_UNUSED_VARIABLE = YES;
				MACOSX_DEPLOYMENT_TARGET = 10.7;
				ONLY_ACTIVE_ARCH = YES;
				SDKROOT = macosx;
			};
			name = Debug;
		};
		B07B2A57146343AF0000E819 /* Release */ = {
			isa = XCBuildConfiguration;
			buildSettings = {
				ALWAYS_SEARCH_USER_PATHS = NO;
				ARCHS = "$(ARCHS_STANDARD_64_BIT)";
				CLANG_ENABLE_OBJC_ARC = YES;
				COPY_PHASE_STRIP = YES;
				DEBUG_INFORMATION_FORMAT = "dwarf-with-dsym";
				GCC_C_LANGUAGE_STANDARD = gnu99;
				GCC_ENABLE_OBJC_EXCEPTIONS = YES;
				GCC_VERSION = com.apple.compilers.llvm.clang.1_0;
				GCC_WARN_64_TO_32_BIT_CONVERSION = YES;
				GCC_WARN_ABOUT_MISSING_PROTOTYPES = YES;
				GCC_WARN_ABOUT_RETURN_TYPE = YES;
				GCC_WARN_UNUSED_VARIABLE = YES;
				MACOSX_DEPLOYMENT_TARGET = 10.7;
				SDKROOT = macosx;
			};
			name = Release;
		};
		B07B2A59146343AF0000E819 /* Debug */ = {
			isa = XCBuildConfiguration;
			buildSettings = {
				DYLIB_COMPATIBILITY_VERSION = 1;
				DYLIB_CURRENT_VERSION = 1;
				FRAMEWORK_VERSION = A;
				GCC_PRECOMPILE_PREFIX_HEADER = YES;
				GCC_PREFIX_HEADER = "Universe Engine/Universe Engine-Prefix.pch";
				INFOPLIST_FILE = "Universe Engine/Universe Engine-Info.plist";
				PRODUCT_NAME = "$(TARGET_NAME)";
				WRAPPER_EXTENSION = framework;
			};
			name = Debug;
		};
		B07B2A5A146343AF0000E819 /* Release */ = {
			isa = XCBuildConfiguration;
			buildSettings = {
				DYLIB_COMPATIBILITY_VERSION = 1;
				DYLIB_CURRENT_VERSION = 1;
				FRAMEWORK_VERSION = A;
				GCC_PRECOMPILE_PREFIX_HEADER = YES;
				GCC_PREFIX_HEADER = "Universe Engine/Universe Engine-Prefix.pch";
				INFOPLIST_FILE = "Universe Engine/Universe Engine-Info.plist";
				PRODUCT_NAME = "$(TARGET_NAME)";
				WRAPPER_EXTENSION = framework;
			};
			name = Release;
		};
		B07B2A5C146343AF0000E819 /* Debug */ = {
			isa = XCBuildConfiguration;
			buildSettings = {
				FRAMEWORK_SEARCH_PATHS = "$(DEVELOPER_LIBRARY_DIR)/Frameworks";
				GCC_PRECOMPILE_PREFIX_HEADER = YES;
				GCC_PREFIX_HEADER = "Universe Engine/Universe Engine-Prefix.pch";
				INFOPLIST_FILE = "Universe EngineTests/Universe EngineTests-Info.plist";
				PRODUCT_NAME = "$(TARGET_NAME)";
				WRAPPER_EXTENSION = octest;
			};
			name = Debug;
		};
		B07B2A5D146343AF0000E819 /* Release */ = {
			isa = XCBuildConfiguration;
			buildSettings = {
				FRAMEWORK_SEARCH_PATHS = "$(DEVELOPER_LIBRARY_DIR)/Frameworks";
				GCC_PRECOMPILE_PREFIX_HEADER = YES;
				GCC_PREFIX_HEADER = "Universe Engine/Universe Engine-Prefix.pch";
				INFOPLIST_FILE = "Universe EngineTests/Universe EngineTests-Info.plist";
				PRODUCT_NAME = "$(TARGET_NAME)";
				WRAPPER_EXTENSION = octest;
			};
			name = Release;
		};
/* End XCBuildConfiguration section */

/* Begin XCConfigurationList section */
		B07B2A27146343AE0000E819 /* Build configuration list for PBXProject "Universe Engine" */ = {
			isa = XCConfigurationList;
			buildConfigurations = (
				B07B2A56146343AF0000E819 /* Debug */,
				B07B2A57146343AF0000E819 /* Release */,
			);
			defaultConfigurationIsVisible = 0;
			defaultConfigurationName = Release;
		};
		B07B2A58146343AF0000E819 /* Build configuration list for PBXNativeTarget "Universe Engine" */ = {
			isa = XCConfigurationList;
			buildConfigurations = (
				B07B2A59146343AF0000E819 /* Debug */,
				B07B2A5A146343AF0000E819 /* Release */,
			);
			defaultConfigurationIsVisible = 0;
		};
		B07B2A5B146343AF0000E819 /* Build configuration list for PBXNativeTarget "Universe EngineTests" */ = {
			isa = XCConfigurationList;
			buildConfigurations = (
				B07B2A5C146343AF0000E819 /* Debug */,
				B07B2A5D146343AF0000E819 /* Release */,
			);
			defaultConfigurationIsVisible = 0;
		};
/* End XCConfigurationList section */
	};
	rootObject = B07B2A24146343AE0000E819 /* Project object */;
}
